// !$*UTF8*$!
{
	archiveVersion = 1;
	classes = {
	};
	objectVersion = 46;
	objects = {

/* Begin PBXBuildFile section */
		719A00A01F6381B40049BEA6 /* AppDelegate.swift in Sources */ = {isa = PBXBuildFile; fileRef = 719A009F1F6381B40049BEA6 /* AppDelegate.swift */; };
		719A00A21F6381B40049BEA6 /* ViewController.swift in Sources */ = {isa = PBXBuildFile; fileRef = 719A00A11F6381B40049BEA6 /* ViewController.swift */; };
		719A00A51F6381B40049BEA6 /* Main.storyboard in Resources */ = {isa = PBXBuildFile; fileRef = 719A00A31F6381B40049BEA6 /* Main.storyboard */; };
		719A00A81F6381B40049BEA6 /* Guidebook.xcdatamodeld in Sources */ = {isa = PBXBuildFile; fileRef = 719A00A61F6381B40049BEA6 /* Guidebook.xcdatamodeld */; };
		719A00AA1F6381B40049BEA6 /* Assets.xcassets in Resources */ = {isa = PBXBuildFile; fileRef = 719A00A91F6381B40049BEA6 /* Assets.xcassets */; };
		719A00AD1F6381B40049BEA6 /* LaunchScreen.storyboard in Resources */ = {isa = PBXBuildFile; fileRef = 719A00AB1F6381B40049BEA6 /* LaunchScreen.storyboard */; };
/* End PBXBuildFile section */

/* Begin PBXFileReference section */
		719A009C1F6381B40049BEA6 /* Guidebook.app */ = {isa = PBXFileReference; explicitFileType = wrapper.application; includeInIndex = 0; path = Guidebook.app; sourceTree = BUILT_PRODUCTS_DIR; };
		719A009F1F6381B40049BEA6 /* AppDelegate.swift */ = {isa = PBXFileReference; lastKnownFileType = sourcecode.swift; path = AppDelegate.swift; sourceTree = "<group>"; };
		719A00A11F6381B40049BEA6 /* ViewController.swift */ = {isa = PBXFileReference; lastKnownFileType = sourcecode.swift; path = ViewController.swift; sourceTree = "<group>"; };
		719A00A41F6381B40049BEA6 /* Base */ = {isa = PBXFileReference; lastKnownFileType = file.storyboard; name = Base; path = Base.lproj/Main.storyboard; sourceTree = "<group>"; };
		719A00A71F6381B40049BEA6 /* Guidebook.xcdatamodel */ = {isa = PBXFileReference; lastKnownFileType = wrapper.xcdatamodel; path = Guidebook.xcdatamodel; sourceTree = "<group>"; };
		719A00A91F6381B40049BEA6 /* Assets.xcassets */ = {isa = PBXFileReference; lastKnownFileType = folder.assetcatalog; path = Assets.xcassets; sourceTree = "<group>"; };
		719A00AC1F6381B40049BEA6 /* Base */ = {isa = PBXFileReference; lastKnownFileType = file.storyboard; name = Base; path = Base.lproj/LaunchScreen.storyboard; sourceTree = "<group>"; };
		719A00AE1F6381B40049BEA6 /* Info.plist */ = {isa = PBXFileReference; lastKnownFileType = text.plist.xml; path = Info.plist; sourceTree = "<group>"; };
/* End PBXFileReference section */

/* Begin PBXFrameworksBuildPhase section */
		719A00991F6381B40049BEA6 /* Frameworks */ = {
			isa = PBXFrameworksBuildPhase;
			buildActionMask = 2147483647;
			files = (
			);
			runOnlyForDeploymentPostprocessing = 0;
		};
/* End PBXFrameworksBuildPhase section */

/* Begin PBXGroup section */
		719A00931F6381B40049BEA6 = {
			isa = PBXGroup;
			children = (
				719A009E1F6381B40049BEA6 /* Guidebook */,
				719A009D1F6381B40049BEA6 /* Products */,
			);
			sourceTree = "<group>";
		};
		719A009D1F6381B40049BEA6 /* Products */ = {
			isa = PBXGroup;
			children = (
				719A009C1F6381B40049BEA6 /* Guidebook.app */,
			);
			name = Products;
			sourceTree = "<group>";
		};
		719A009E1F6381B40049BEA6 /* Guidebook */ = {
			isa = PBXGroup;
			children = (
				719A009F1F6381B40049BEA6 /* AppDelegate.swift */,
				719A00A11F6381B40049BEA6 /* ViewController.swift */,
				719A00A31F6381B40049BEA6 /* Main.storyboard */,
				719A00A91F6381B40049BEA6 /* Assets.xcassets */,
				719A00AB1F6381B40049BEA6 /* LaunchScreen.storyboard */,
				719A00AE1F6381B40049BEA6 /* Info.plist */,
				719A00A61F6381B40049BEA6 /* Guidebook.xcdatamodeld */,
			);
			path = Guidebook;
			sourceTree = "<group>";
		};
/* End PBXGroup section */

/* Begin PBXNativeTarget section */
		719A009B1F6381B40049BEA6 /* Guidebook */ = {
			isa = PBXNativeTarget;
			buildConfigurationList = 719A00B11F6381B40049BEA6 /* Build configuration list for PBXNativeTarget "Guidebook" */;
			buildPhases = (
				719A00981F6381B40049BEA6 /* Sources */,
				719A00991F6381B40049BEA6 /* Frameworks */,
				719A009A1F6381B40049BEA6 /* Resources */,
			);
			buildRules = (
			);
			dependencies = (
			);
			name = Guidebook;
			productName = Guidebook;
			productReference = 719A009C1F6381B40049BEA6 /* Guidebook.app */;
			productType = "com.apple.product-type.application";
		};
/* End PBXNativeTarget section */

/* Begin PBXProject section */
		719A00941F6381B40049BEA6 /* Project object */ = {
			isa = PBXProject;
			attributes = {
				LastSwiftUpdateCheck = 0830;
				LastUpgradeCheck = 0830;
				ORGANIZATIONNAME = "Steven Ha";
				TargetAttributes = {
					719A009B1F6381B40049BEA6 = {
						CreatedOnToolsVersion = 8.3.3;
						DevelopmentTeam = M774P98634;
						ProvisioningStyle = Automatic;
					};
				};
			};
			buildConfigurationList = 719A00971F6381B40049BEA6 /* Build configuration list for PBXProject "Guidebook" */;
			compatibilityVersion = "Xcode 3.2";
			developmentRegion = English;
			hasScannedForEncodings = 0;
			knownRegions = (
				en,
				Base,
			);
			mainGroup = 719A00931F6381B40049BEA6;
			productRefGroup = 719A009D1F6381B40049BEA6 /* Products */;
			projectDirPath = "";
			projectRoot = "";
			targets = (
				719A009B1F6381B40049BEA6 /* Guidebook */,
			);
		};
/* End PBXProject section */

/* Begin PBXResourcesBuildPhase section */
		719A009A1F6381B40049BEA6 /* Resources */ = {
			isa = PBXResourcesBuildPhase;
			buildActionMask = 2147483647;
			files = (
				719A00AD1F6381B40049BEA6 /* LaunchScreen.storyboard in Resources */,
				719A00AA1F6381B40049BEA6 /* Assets.xcassets in Resources */,
				719A00A51F6381B40049BEA6 /* Main.storyboard in Resources */,
			);
			runOnlyForDeploymentPostprocessing = 0;
		};
/* End PBXResourcesBuildPhase section */

/* Begin PBXSourcesBuildPhase section */
		719A00981F6381B40049BEA6 /* Sources */ = {
			isa = PBXSourcesBuildPhase;
			buildActionMask = 2147483647;
			files = (
				719A00A81F6381B40049BEA6 /* Guidebook.xcdatamodeld in Sources */,
				719A00A21F6381B40049BEA6 /* ViewController.swift in Sources */,
				719A00A01F6381B40049BEA6 /* AppDelegate.swift in Sources */,
			);
			runOnlyForDeploymentPostprocessing = 0;
		};
/* End PBXSourcesBuildPhase section */

/* Begin PBXVariantGroup section */
		719A00A31F6381B40049BEA6 /* Main.storyboard */ = {
			isa = PBXVariantGroup;
			children = (
				719A00A41F6381B40049BEA6 /* Base */,
			);
			name = Main.storyboard;
			sourceTree = "<group>";
		};
		719A00AB1F6381B40049BEA6 /* LaunchScreen.storyboard */ = {
			isa = PBXVariantGroup;
			children = (
				719A00AC1F6381B40049BEA6 /* Base */,
			);
			name = LaunchScreen.storyboard;
			sourceTree = "<group>";
		};
/* End PBXVariantGroup section */

/* Begin XCBuildConfiguration section */
		719A00AF1F6381B40049BEA6 /* Debug */ = {
			isa = XCBuildConfiguration;
			buildSettings = {
				ALWAYS_SEARCH_USER_PATHS = NO;
				CLANG_ANALYZER_NONNULL = YES;
				CLANG_ANALYZER_NUMBER_OBJECT_CONVERSION = YES_AGGRESSIVE;
				CLANG_CXX_LANGUAGE_STANDARD = "gnu++0x";
				CLANG_CXX_LIBRARY = "libc++";
				CLANG_ENABLE_MODULES = YES;
				CLANG_ENABLE_OBJC_ARC = YES;
				CLANG_WARN_BOOL_CONVERSION = YES;
				CLANG_WARN_CONSTANT_CONVERSION = YES;
				CLANG_WARN_DIRECT_OBJC_ISA_USAGE = YES_ERROR;
				CLANG_WARN_DOCUMENTATION_COMMENTS = YES;
				CLANG_WARN_EMPTY_BODY = YES;
				CLANG_WARN_ENUM_CONVERSION = YES;
				CLANG_WARN_INFINITE_RECURSION = YES;
				CLANG_WARN_INT_CONVERSION = YES;
				CLANG_WARN_OBJC_ROOT_CLASS = YES_ERROR;
				CLANG_WARN_SUSPICIOUS_MOVE = YES;
				CLANG_WARN_UNREACHABLE_CODE = YES;
				CLANG_WARN__DUPLICATE_METHOD_MATCH = YES;
				"CODE_SIGN_IDENTITY[sdk=iphoneos*]" = "iPhone Developer";
				COPY_PHASE_STRIP = NO;
				DEBUG_INFORMATION_FORMAT = dwarf;
				ENABLE_STRICT_OBJC_MSGSEND = YES;
				ENABLE_TESTABILITY = YES;
				GCC_C_LANGUAGE_STANDARD = gnu99;
				GCC_DYNAMIC_NO_PIC = NO;
				GCC_NO_COMMON_BLOCKS = YES;
				GCC_OPTIMIZATION_LEVEL = 0;
				GCC_PREPROCESSOR_DEFINITIONS = (
					"DEBUG=1",
					"$(inherited)",
				);
				GCC_WARN_64_TO_32_BIT_CONVERSION = YES;
				GCC_WARN_ABOUT_RETURN_TYPE = YES_ERROR;
				GCC_WARN_UNDECLARED_SELECTOR = YES;
				GCC_WARN_UNINITIALIZED_AUTOS = YES_AGGRESSIVE;
				GCC_WARN_UNUSED_FUNCTION = YES;
				GCC_WARN_UNUSED_VARIABLE = YES;
				IPHONEOS_DEPLOYMENT_TARGET = 10.3;
				MTL_ENABLE_DEBUG_INFO = YES;
				ONLY_ACTIVE_ARCH = YES;
				SDKROOT = iphoneos;
				SWIFT_ACTIVE_COMPILATION_CONDITIONS = DEBUG;
				SWIFT_OPTIMIZATION_LEVEL = "-Onone";
				TARGETED_DEVICE_FAMILY = "1,2";
			};
			name = Debug;
		};
		719A00B01F6381B40049BEA6 /* Release */ = {
			isa = XCBuildConfiguration;
			buildSettings = {
				ALWAYS_SEARCH_USER_PATHS = NO;
				CLANG_ANALYZER_NONNULL = YES;
				CLANG_ANALYZER_NUMBER_OBJECT_CONVERSION = YES_AGGRESSIVE;
				CLANG_CXX_LANGUAGE_STANDARD = "gnu++0x";
				CLANG_CXX_LIBRARY = "libc++";
				CLANG_ENABLE_MODULES = YES;
				CLANG_ENABLE_OBJC_ARC = YES;
				CLANG_WARN_BOOL_CONVERSION = YES;
				CLANG_WARN_CONSTANT_CONVERSION = YES;
				CLANG_WARN_DIRECT_OBJC_ISA_USAGE = YES_ERROR;
				CLANG_WARN_DOCUMENTATION_COMMENTS = YES;
				CLANG_WARN_EMPTY_BODY = YES;
				CLANG_WARN_ENUM_CONVERSION = YES;
				CLANG_WARN_INFINITE_RECURSION = YES;
				CLANG_WARN_INT_CONVERSION = YES;
				CLANG_WARN_OBJC_ROOT_CLASS = YES_ERROR;
				CLANG_WARN_SUSPICIOUS_MOVE = YES;
				CLANG_WARN_UNREACHABLE_CODE = YES;
				CLANG_WARN__DUPLICATE_METHOD_MATCH = YES;
				"CODE_SIGN_IDENTITY[sdk=iphoneos*]" = "iPhone Developer";
				COPY_PHASE_STRIP = NO;
				DEBUG_INFORMATION_FORMAT = "dwarf-with-dsym";
				ENABLE_NS_ASSERTIONS = NO;
				ENABLE_STRICT_OBJC_MSGSEND = YES;
				GCC_C_LANGUAGE_STANDARD = gnu99;
				GCC_NO_COMMON_BLOCKS = YES;
				GCC_WARN_64_TO_32_BIT_CONVERSION = YES;
				GCC_WARN_ABOUT_RETURN_TYPE = YES_ERROR;
				GCC_WARN_UNDECLARED_SELECTOR = YES;
				GCC_WARN_UNINITIALIZED_AUTOS = YES_AGGRESSIVE;
				GCC_WARN_UNUSED_FUNCTION = YES;
				GCC_WARN_UNUSED_VARIABLE = YES;
				IPHONEOS_DEPLOYMENT_TARGET = 10.3;
				MTL_ENABLE_DEBUG_INFO = NO;
				SDKROOT = iphoneos;
				SWIFT_OPTIMIZATION_LEVEL = "-Owholemodule";
				TARGETED_DEVICE_FAMILY = "1,2";
				VALIDATE_PRODUCT = YES;
			};
			name = Release;
		};
		719A00B21F6381B40049BEA6 /* Debug */ = {
			isa = XCBuildConfiguration;
			buildSettings = {
				ASSETCATALOG_COMPILER_APPICON_NAME = AppIcon;
				DEVELOPMENT_TEAM = M774P98634;
				INFOPLIST_FILE = Guidebook/Info.plist;
				LD_RUNPATH_SEARCH_PATHS = "$(inherited) @executable_path/Frameworks";
				PRODUCT_BUNDLE_IDENTIFIER = com.stevenha.Guidebook;
				PRODUCT_NAME = "$(TARGET_NAME)";
				SWIFT_VERSION = 3.0;
			};
			name = Debug;
		};
		719A00B31F6381B40049BEA6 /* Release */ = {
			isa = XCBuildConfiguration;
			buildSettings = {
				ASSETCATALOG_COMPILER_APPICON_NAME = AppIcon;
				DEVELOPMENT_TEAM = M774P98634;
				INFOPLIST_FILE = Guidebook/Info.plist;
				LD_RUNPATH_SEARCH_PATHS = "$(inherited) @executable_path/Frameworks";
				PRODUCT_BUNDLE_IDENTIFIER = com.stevenha.Guidebook;
				PRODUCT_NAME = "$(TARGET_NAME)";
				SWIFT_VERSION = 3.0;
			};
			name = Release;
		};
/* End XCBuildConfiguration section */

/* Begin XCConfigurationList section */
		719A00971F6381B40049BEA6 /* Build configuration list for PBXProject "Guidebook" */ = {
			isa = XCConfigurationList;
			buildConfigurations = (
				719A00AF1F6381B40049BEA6 /* Debug */,
				719A00B01F6381B40049BEA6 /* Release */,
			);
			defaultConfigurationIsVisible = 0;
			defaultConfigurationName = Release;
		};
		719A00B11F6381B40049BEA6 /* Build configuration list for PBXNativeTarget "Guidebook" */ = {
			isa = XCConfigurationList;
			buildConfigurations = (
				719A00B21F6381B40049BEA6 /* Debug */,
				719A00B31F6381B40049BEA6 /* Release */,
			);
			defaultConfigurationIsVisible = 0;
		};
/* End XCConfigurationList section */

/* Begin XCVersionGroup section */
		719A00A61F6381B40049BEA6 /* Guidebook.xcdatamodeld */ = {
			isa = XCVersionGroup;
			children = (
				719A00A71F6381B40049BEA6 /* Guidebook.xcdatamodel */,
			);
			currentVersion = 719A00A71F6381B40049BEA6 /* Guidebook.xcdatamodel */;
			path = Guidebook.xcdatamodeld;
			sourceTree = "<group>";
			versionGroupType = wrapper.xcdatamodel;
		};
/* End XCVersionGroup section */
	};
	rootObject = 719A00941F6381B40049BEA6 /* Project object */;
}
